// !$*UTF8*$!
{
	archiveVersion = 1;
	classes = {
	};
	objectVersion = 50;
	objects = {

/* Begin PBXBuildFile section */
		45FFE4C74371EE11531EB9EA /* Pods_SonagiTests.framework in Frameworks */ = {isa = PBXBuildFile; fileRef = 2321B42DA187CF18D9913E22 /* Pods_SonagiTests.framework */; };
		5B2E2BC421B4AABC0016402F /* SonagiParser.swift in Sources */ = {isa = PBXBuildFile; fileRef = 5B2E2BC321B4AABC0016402F /* SonagiParser.swift */; };
		5B2E2BC621B4AB2C0016402F /* KonlpyParser.py in Resources */ = {isa = PBXBuildFile; fileRef = 5B2E2BC521B4AB2C0016402F /* KonlpyParser.py */; };
		5B5116B221BAD97F00F3E088 /* Database in Resources */ = {isa = PBXBuildFile; fileRef = 5B5116B121BAD97F00F3E088 /* Database */; };
		5BCEA17C21B4A5570061A548 /* AppDelegate.swift in Sources */ = {isa = PBXBuildFile; fileRef = 5BCEA17B21B4A5570061A548 /* AppDelegate.swift */; };
		5BCEA17E21B4A5570061A548 /* SonagiViewController.swift in Sources */ = {isa = PBXBuildFile; fileRef = 5BCEA17D21B4A5570061A548 /* SonagiViewController.swift */; };
		5BCEA18021B4A55A0061A548 /* Assets.xcassets in Resources */ = {isa = PBXBuildFile; fileRef = 5BCEA17F21B4A55A0061A548 /* Assets.xcassets */; };
		5BCEA18321B4A55A0061A548 /* Main.storyboard in Resources */ = {isa = PBXBuildFile; fileRef = 5BCEA18121B4A55A0061A548 /* Main.storyboard */; };
		5BCEA18F21B4A55A0061A548 /* SonagiTests.swift in Sources */ = {isa = PBXBuildFile; fileRef = 5BCEA18E21B4A55A0061A548 /* SonagiTests.swift */; };
		AEF5E5C34CAFE2BC0945D3D4 /* Pods_Sonagi.framework in Frameworks */ = {isa = PBXBuildFile; fileRef = 07D83D327F01C6B42F383DFA /* Pods_Sonagi.framework */; };
/* End PBXBuildFile section */

/* Begin PBXContainerItemProxy section */
		5BCEA18B21B4A55A0061A548 /* PBXContainerItemProxy */ = {
			isa = PBXContainerItemProxy;
			containerPortal = 5BCEA17021B4A5560061A548 /* Project object */;
			proxyType = 1;
			remoteGlobalIDString = 5BCEA17721B4A5560061A548;
			remoteInfo = Sonagi;
		};
/* End PBXContainerItemProxy section */

/* Begin PBXFileReference section */
		07D83D327F01C6B42F383DFA /* Pods_Sonagi.framework */ = {isa = PBXFileReference; explicitFileType = wrapper.framework; includeInIndex = 0; path = Pods_Sonagi.framework; sourceTree = BUILT_PRODUCTS_DIR; };
		2321B42DA187CF18D9913E22 /* Pods_SonagiTests.framework */ = {isa = PBXFileReference; explicitFileType = wrapper.framework; includeInIndex = 0; path = Pods_SonagiTests.framework; sourceTree = BUILT_PRODUCTS_DIR; };
		43ED987337DAC881F4A204F5 /* Pods-SonagiTests.debug.xcconfig */ = {isa = PBXFileReference; includeInIndex = 1; lastKnownFileType = text.xcconfig; name = "Pods-SonagiTests.debug.xcconfig"; path = "Target Support Files/Pods-SonagiTests/Pods-SonagiTests.debug.xcconfig"; sourceTree = "<group>"; };
		5B2E2BC321B4AABC0016402F /* SonagiParser.swift */ = {isa = PBXFileReference; lastKnownFileType = sourcecode.swift; path = SonagiParser.swift; sourceTree = "<group>"; };
		5B2E2BC521B4AB2C0016402F /* KonlpyParser.py */ = {isa = PBXFileReference; fileEncoding = 4; lastKnownFileType = text.script.python; path = KonlpyParser.py; sourceTree = "<group>"; };
		5B5116B121BAD97F00F3E088 /* Database */ = {isa = PBXFileReference; lastKnownFileType = folder; path = Database; sourceTree = "<group>"; };
		5BCEA17821B4A5560061A548 /* Sonagi.app */ = {isa = PBXFileReference; explicitFileType = wrapper.application; includeInIndex = 0; path = Sonagi.app; sourceTree = BUILT_PRODUCTS_DIR; };
		5BCEA17B21B4A5570061A548 /* AppDelegate.swift */ = {isa = PBXFileReference; lastKnownFileType = sourcecode.swift; path = AppDelegate.swift; sourceTree = "<group>"; };
		5BCEA17D21B4A5570061A548 /* SonagiViewController.swift */ = {isa = PBXFileReference; lastKnownFileType = sourcecode.swift; path = SonagiViewController.swift; sourceTree = "<group>"; };
		5BCEA17F21B4A55A0061A548 /* Assets.xcassets */ = {isa = PBXFileReference; lastKnownFileType = folder.assetcatalog; path = Assets.xcassets; sourceTree = "<group>"; };
		5BCEA18221B4A55A0061A548 /* Base */ = {isa = PBXFileReference; lastKnownFileType = file.storyboard; name = Base; path = Base.lproj/Main.storyboard; sourceTree = "<group>"; };
		5BCEA18421B4A55A0061A548 /* Info.plist */ = {isa = PBXFileReference; lastKnownFileType = text.plist.xml; path = Info.plist; sourceTree = "<group>"; };
		5BCEA18A21B4A55A0061A548 /* SonagiTests.xctest */ = {isa = PBXFileReference; explicitFileType = wrapper.cfbundle; includeInIndex = 0; path = SonagiTests.xctest; sourceTree = BUILT_PRODUCTS_DIR; };
		5BCEA18E21B4A55A0061A548 /* SonagiTests.swift */ = {isa = PBXFileReference; lastKnownFileType = sourcecode.swift; path = SonagiTests.swift; sourceTree = "<group>"; };
		5BCEA19021B4A55A0061A548 /* Info.plist */ = {isa = PBXFileReference; lastKnownFileType = text.plist.xml; path = Info.plist; sourceTree = "<group>"; };
		623ECD541C5B3B6598A047BD /* Pods-SonagiTests.release.xcconfig */ = {isa = PBXFileReference; includeInIndex = 1; lastKnownFileType = text.xcconfig; name = "Pods-SonagiTests.release.xcconfig"; path = "Target Support Files/Pods-SonagiTests/Pods-SonagiTests.release.xcconfig"; sourceTree = "<group>"; };
		C762BDBDF153FA4DC3A300D0 /* Pods-Sonagi.release.xcconfig */ = {isa = PBXFileReference; includeInIndex = 1; lastKnownFileType = text.xcconfig; name = "Pods-Sonagi.release.xcconfig"; path = "Target Support Files/Pods-Sonagi/Pods-Sonagi.release.xcconfig"; sourceTree = "<group>"; };
		C99C0279A3D28B6EEA898941 /* Pods-Sonagi.debug.xcconfig */ = {isa = PBXFileReference; includeInIndex = 1; lastKnownFileType = text.xcconfig; name = "Pods-Sonagi.debug.xcconfig"; path = "Target Support Files/Pods-Sonagi/Pods-Sonagi.debug.xcconfig"; sourceTree = "<group>"; };
/* End PBXFileReference section */

/* Begin PBXFrameworksBuildPhase section */
		5BCEA17521B4A5560061A548 /* Frameworks */ = {
			isa = PBXFrameworksBuildPhase;
			buildActionMask = 2147483647;
			files = (
				AEF5E5C34CAFE2BC0945D3D4 /* Pods_Sonagi.framework in Frameworks */,
			);
			runOnlyForDeploymentPostprocessing = 0;
		};
		5BCEA18721B4A55A0061A548 /* Frameworks */ = {
			isa = PBXFrameworksBuildPhase;
			buildActionMask = 2147483647;
			files = (
				45FFE4C74371EE11531EB9EA /* Pods_SonagiTests.framework in Frameworks */,
			);
			runOnlyForDeploymentPostprocessing = 0;
		};
/* End PBXFrameworksBuildPhase section */

/* Begin PBXGroup section */
		2E1583AE7963174CE648B6DC /* Frameworks */ = {
			isa = PBXGroup;
			children = (
				07D83D327F01C6B42F383DFA /* Pods_Sonagi.framework */,
				2321B42DA187CF18D9913E22 /* Pods_SonagiTests.framework */,
			);
			name = Frameworks;
			sourceTree = "<group>";
		};
		5BCEA16F21B4A5560061A548 = {
			isa = PBXGroup;
			children = (
				5BCEA17A21B4A5560061A548 /* Sonagi */,
				5BCEA18D21B4A55A0061A548 /* SonagiTests */,
				5BCEA17921B4A5560061A548 /* Products */,
				F12EE31E95CB7761BAFF32FF /* Pods */,
				2E1583AE7963174CE648B6DC /* Frameworks */,
			);
			sourceTree = "<group>";
		};
		5BCEA17921B4A5560061A548 /* Products */ = {
			isa = PBXGroup;
			children = (
				5BCEA17821B4A5560061A548 /* Sonagi.app */,
				5BCEA18A21B4A55A0061A548 /* SonagiTests.xctest */,
			);
			name = Products;
			sourceTree = "<group>";
		};
		5BCEA17A21B4A5560061A548 /* Sonagi */ = {
			isa = PBXGroup;
			children = (
				5BCEA17B21B4A5570061A548 /* AppDelegate.swift */,
				5BCEA17D21B4A5570061A548 /* SonagiViewController.swift */,
				5BCEA17F21B4A55A0061A548 /* Assets.xcassets */,
				5BCEA18121B4A55A0061A548 /* Main.storyboard */,
				5BCEA18421B4A55A0061A548 /* Info.plist */,
				5B5116B121BAD97F00F3E088 /* Database */,
				5B2E2BC521B4AB2C0016402F /* KonlpyParser.py */,
				5B2E2BC321B4AABC0016402F /* SonagiParser.swift */,
			);
			path = Sonagi;
			sourceTree = "<group>";
		};
		5BCEA18D21B4A55A0061A548 /* SonagiTests */ = {
			isa = PBXGroup;
			children = (
				5BCEA18E21B4A55A0061A548 /* SonagiTests.swift */,
				5BCEA19021B4A55A0061A548 /* Info.plist */,
			);
			path = SonagiTests;
			sourceTree = "<group>";
		};
		F12EE31E95CB7761BAFF32FF /* Pods */ = {
			isa = PBXGroup;
			children = (
				C99C0279A3D28B6EEA898941 /* Pods-Sonagi.debug.xcconfig */,
				C762BDBDF153FA4DC3A300D0 /* Pods-Sonagi.release.xcconfig */,
				43ED987337DAC881F4A204F5 /* Pods-SonagiTests.debug.xcconfig */,
				623ECD541C5B3B6598A047BD /* Pods-SonagiTests.release.xcconfig */,
			);
			name = Pods;
			path = Dependencies/Pods;
			sourceTree = "<group>";
		};
/* End PBXGroup section */

/* Begin PBXNativeTarget section */
		5BCEA17721B4A5560061A548 /* Sonagi */ = {
			isa = PBXNativeTarget;
			buildConfigurationList = 5BCEA19321B4A55A0061A548 /* Build configuration list for PBXNativeTarget "Sonagi" */;
			buildPhases = (
				A913A021FCDBF5471210FBB5 /* [CP] Check Pods Manifest.lock */,
				5BCEA17421B4A5560061A548 /* Sources */,
				5BCEA17521B4A5560061A548 /* Frameworks */,
				5BCEA17621B4A5560061A548 /* Resources */,
				5BBBABEB21B71A31001098E0 /* ShellScript */,
				0D077C33A76F382031E1886B /* [CP] Embed Pods Frameworks */,
			);
			buildRules = (
			);
			dependencies = (
			);
			name = Sonagi;
			productName = Sonagi;
			productReference = 5BCEA17821B4A5560061A548 /* Sonagi.app */;
			productType = "com.apple.product-type.application";
		};
		5BCEA18921B4A55A0061A548 /* SonagiTests */ = {
			isa = PBXNativeTarget;
			buildConfigurationList = 5BCEA19621B4A55A0061A548 /* Build configuration list for PBXNativeTarget "SonagiTests" */;
			buildPhases = (
				2012594E570BB7CB1C99FA65 /* [CP] Check Pods Manifest.lock */,
				5BCEA18621B4A55A0061A548 /* Sources */,
				5BCEA18721B4A55A0061A548 /* Frameworks */,
				5BCEA18821B4A55A0061A548 /* Resources */,
			);
			buildRules = (
			);
			dependencies = (
				5BCEA18C21B4A55A0061A548 /* PBXTargetDependency */,
			);
			name = SonagiTests;
			productName = SonagiTests;
			productReference = 5BCEA18A21B4A55A0061A548 /* SonagiTests.xctest */;
			productType = "com.apple.product-type.bundle.unit-test";
		};
/* End PBXNativeTarget section */

/* Begin PBXProject section */
		5BCEA17021B4A5560061A548 /* Project object */ = {
			isa = PBXProject;
			attributes = {
				LastSwiftUpdateCheck = 1010;
				LastUpgradeCheck = 1010;
				ORGANIZATIONNAME = chargeflux;
				TargetAttributes = {
					5BCEA17721B4A5560061A548 = {
						CreatedOnToolsVersion = 10.1;
						SystemCapabilities = {
							com.apple.Sandbox = {
								enabled = 0;
							};
						};
					};
					5BCEA18921B4A55A0061A548 = {
						CreatedOnToolsVersion = 10.1;
						TestTargetID = 5BCEA17721B4A5560061A548;
					};
				};
			};
			buildConfigurationList = 5BCEA17321B4A5560061A548 /* Build configuration list for PBXProject "Sonagi" */;
			compatibilityVersion = "Xcode 9.3";
			developmentRegion = en;
			hasScannedForEncodings = 0;
			knownRegions = (
				en,
				Base,
			);
			mainGroup = 5BCEA16F21B4A5560061A548;
			productRefGroup = 5BCEA17921B4A5560061A548 /* Products */;
			projectDirPath = "";
			projectRoot = "";
			targets = (
				5BCEA17721B4A5560061A548 /* Sonagi */,
				5BCEA18921B4A55A0061A548 /* SonagiTests */,
			);
		};
/* End PBXProject section */

/* Begin PBXResourcesBuildPhase section */
		5BCEA17621B4A5560061A548 /* Resources */ = {
			isa = PBXResourcesBuildPhase;
			buildActionMask = 2147483647;
			files = (
				5B2E2BC621B4AB2C0016402F /* KonlpyParser.py in Resources */,
				5B5116B221BAD97F00F3E088 /* Database in Resources */,
				5BCEA18021B4A55A0061A548 /* Assets.xcassets in Resources */,
				5BCEA18321B4A55A0061A548 /* Main.storyboard in Resources */,
			);
			runOnlyForDeploymentPostprocessing = 0;
		};
		5BCEA18821B4A55A0061A548 /* Resources */ = {
			isa = PBXResourcesBuildPhase;
			buildActionMask = 2147483647;
			files = (
			);
			runOnlyForDeploymentPostprocessing = 0;
		};
/* End PBXResourcesBuildPhase section */

/* Begin PBXShellScriptBuildPhase section */
		0D077C33A76F382031E1886B /* [CP] Embed Pods Frameworks */ = {
			isa = PBXShellScriptBuildPhase;
			buildActionMask = 2147483647;
			files = (
			);
			inputFileListPaths = (
			);
			inputPaths = (
				"${PODS_ROOT}/Target Support Files/Pods-Sonagi/Pods-Sonagi-frameworks.sh",
				"${BUILT_PRODUCTS_DIR}/SQLite.swift/SQLite.framework",
			);
			name = "[CP] Embed Pods Frameworks";
			outputFileListPaths = (
			);
			outputPaths = (
				"${TARGET_BUILD_DIR}/${FRAMEWORKS_FOLDER_PATH}/SQLite.framework",
			);
			runOnlyForDeploymentPostprocessing = 0;
			shellPath = /bin/sh;
			shellScript = "\"${PODS_ROOT}/Target Support Files/Pods-Sonagi/Pods-Sonagi-frameworks.sh\"\n";
			showEnvVarsInLog = 0;
		};
		2012594E570BB7CB1C99FA65 /* [CP] Check Pods Manifest.lock */ = {
			isa = PBXShellScriptBuildPhase;
			buildActionMask = 2147483647;
			files = (
			);
			inputFileListPaths = (
			);
			inputPaths = (
				"${PODS_PODFILE_DIR_PATH}/Podfile.lock",
				"${PODS_ROOT}/Manifest.lock",
			);
			name = "[CP] Check Pods Manifest.lock";
			outputFileListPaths = (
			);
			outputPaths = (
				"$(DERIVED_FILE_DIR)/Pods-SonagiTests-checkManifestLockResult.txt",
			);
			runOnlyForDeploymentPostprocessing = 0;
			shellPath = /bin/sh;
			shellScript = "diff \"${PODS_PODFILE_DIR_PATH}/Podfile.lock\" \"${PODS_ROOT}/Manifest.lock\" > /dev/null\nif [ $? != 0 ] ; then\n    # print error to STDERR\n    echo \"error: The sandbox is not in sync with the Podfile.lock. Run 'pod install' or update your CocoaPods installation.\" >&2\n    exit 1\nfi\n# This output is used by Xcode 'outputs' to avoid re-running this script phase.\necho \"SUCCESS\" > \"${SCRIPT_OUTPUT_FILE_0}\"\n";
			showEnvVarsInLog = 0;
		};
		5BBBABEB21B71A31001098E0 /* ShellScript */ = {
			isa = PBXShellScriptBuildPhase;
			buildActionMask = 2147483647;
			files = (
			);
			inputFileListPaths = (
			);
			inputPaths = (
				"${BUILT_PRODUCTS_DIR}/${WRAPPER_NAME}/Contents/Resources/KonlpyParser.py",
			);
			outputFileListPaths = (
			);
			outputPaths = (
			);
			runOnlyForDeploymentPostprocessing = 0;
			shellPath = /bin/sh;
			shellScript = "chmod +x \"${SCRIPT_INPUT_FILE_0}\"\n";
		};
		A913A021FCDBF5471210FBB5 /* [CP] Check Pods Manifest.lock */ = {
			isa = PBXShellScriptBuildPhase;
			buildActionMask = 2147483647;
			files = (
			);
			inputFileListPaths = (
			);
			inputPaths = (
				"${PODS_PODFILE_DIR_PATH}/Podfile.lock",
				"${PODS_ROOT}/Manifest.lock",
			);
			name = "[CP] Check Pods Manifest.lock";
			outputFileListPaths = (
			);
			outputPaths = (
				"$(DERIVED_FILE_DIR)/Pods-Sonagi-checkManifestLockResult.txt",
			);
			runOnlyForDeploymentPostprocessing = 0;
			shellPath = /bin/sh;
			shellScript = "diff \"${PODS_PODFILE_DIR_PATH}/Podfile.lock\" \"${PODS_ROOT}/Manifest.lock\" > /dev/null\nif [ $? != 0 ] ; then\n    # print error to STDERR\n    echo \"error: The sandbox is not in sync with the Podfile.lock. Run 'pod install' or update your CocoaPods installation.\" >&2\n    exit 1\nfi\n# This output is used by Xcode 'outputs' to avoid re-running this script phase.\necho \"SUCCESS\" > \"${SCRIPT_OUTPUT_FILE_0}\"\n";
			showEnvVarsInLog = 0;
		};
/* End PBXShellScriptBuildPhase section */

/* Begin PBXSourcesBuildPhase section */
		5BCEA17421B4A5560061A548 /* Sources */ = {
			isa = PBXSourcesBuildPhase;
			buildActionMask = 2147483647;
			files = (
				5BCEA17E21B4A5570061A548 /* SonagiViewController.swift in Sources */,
				5B2E2BC421B4AABC0016402F /* SonagiParser.swift in Sources */,
				5BCEA17C21B4A5570061A548 /* AppDelegate.swift in Sources */,
			);
			runOnlyForDeploymentPostprocessing = 0;
		};
		5BCEA18621B4A55A0061A548 /* Sources */ = {
			isa = PBXSourcesBuildPhase;
			buildActionMask = 2147483647;
			files = (
				5BCEA18F21B4A55A0061A548 /* SonagiTests.swift in Sources */,
			);
			runOnlyForDeploymentPostprocessing = 0;
		};
/* End PBXSourcesBuildPhase section */

/* Begin PBXTargetDependency section */
		5BCEA18C21B4A55A0061A548 /* PBXTargetDependency */ = {
			isa = PBXTargetDependency;
			target = 5BCEA17721B4A5560061A548 /* Sonagi */;
			targetProxy = 5BCEA18B21B4A55A0061A548 /* PBXContainerItemProxy */;
		};
/* End PBXTargetDependency section */

/* Begin PBXVariantGroup section */
		5BCEA18121B4A55A0061A548 /* Main.storyboard */ = {
			isa = PBXVariantGroup;
			children = (
				5BCEA18221B4A55A0061A548 /* Base */,
			);
			name = Main.storyboard;
			sourceTree = "<group>";
		};
/* End PBXVariantGroup section */

/* Begin XCBuildConfiguration section */
		5BCEA19121B4A55A0061A548 /* Debug */ = {
			isa = XCBuildConfiguration;
			buildSettings = {
				ALWAYS_SEARCH_USER_PATHS = NO;
				CLANG_ANALYZER_NONNULL = YES;
				CLANG_ANALYZER_NUMBER_OBJECT_CONVERSION = YES_AGGRESSIVE;
				CLANG_CXX_LANGUAGE_STANDARD = "gnu++14";
				CLANG_CXX_LIBRARY = "libc++";
				CLANG_ENABLE_MODULES = YES;
				CLANG_ENABLE_OBJC_ARC = YES;
				CLANG_ENABLE_OBJC_WEAK = YES;
				CLANG_WARN_BLOCK_CAPTURE_AUTORELEASING = YES;
				CLANG_WARN_BOOL_CONVERSION = YES;
				CLANG_WARN_COMMA = YES;
				CLANG_WARN_CONSTANT_CONVERSION = YES;
				CLANG_WARN_DEPRECATED_OBJC_IMPLEMENTATIONS = YES;
				CLANG_WARN_DIRECT_OBJC_ISA_USAGE = YES_ERROR;
				CLANG_WARN_DOCUMENTATION_COMMENTS = YES;
				CLANG_WARN_EMPTY_BODY = YES;
				CLANG_WARN_ENUM_CONVERSION = YES;
				CLANG_WARN_INFINITE_RECURSION = YES;
				CLANG_WARN_INT_CONVERSION = YES;
				CLANG_WARN_NON_LITERAL_NULL_CONVERSION = YES;
				CLANG_WARN_OBJC_IMPLICIT_RETAIN_SELF = YES;
				CLANG_WARN_OBJC_LITERAL_CONVERSION = YES;
				CLANG_WARN_OBJC_ROOT_CLASS = YES_ERROR;
				CLANG_WARN_RANGE_LOOP_ANALYSIS = YES;
				CLANG_WARN_STRICT_PROTOTYPES = YES;
				CLANG_WARN_SUSPICIOUS_MOVE = YES;
				CLANG_WARN_UNGUARDED_AVAILABILITY = YES_AGGRESSIVE;
				CLANG_WARN_UNREACHABLE_CODE = YES;
				CLANG_WARN__DUPLICATE_METHOD_MATCH = YES;
				CODE_SIGN_IDENTITY = "-";
				COPY_PHASE_STRIP = NO;
				DEBUG_INFORMATION_FORMAT = dwarf;
				ENABLE_STRICT_OBJC_MSGSEND = YES;
				ENABLE_TESTABILITY = YES;
				GCC_C_LANGUAGE_STANDARD = gnu11;
				GCC_DYNAMIC_NO_PIC = NO;
				GCC_NO_COMMON_BLOCKS = YES;
				GCC_OPTIMIZATION_LEVEL = 0;
				GCC_PREPROCESSOR_DEFINITIONS = (
					"DEBUG=1",
					"$(inherited)",
				);
				GCC_WARN_64_TO_32_BIT_CONVERSION = YES;
				GCC_WARN_ABOUT_RETURN_TYPE = YES_ERROR;
				GCC_WARN_UNDECLARED_SELECTOR = YES;
				GCC_WARN_UNINITIALIZED_AUTOS = YES_AGGRESSIVE;
				GCC_WARN_UNUSED_FUNCTION = YES;
				GCC_WARN_UNUSED_VARIABLE = YES;
				MACOSX_DEPLOYMENT_TARGET = 10.13;
				MTL_ENABLE_DEBUG_INFO = INCLUDE_SOURCE;
				MTL_FAST_MATH = YES;
				ONLY_ACTIVE_ARCH = YES;
				SDKROOT = macosx;
				SWIFT_ACTIVE_COMPILATION_CONDITIONS = DEBUG;
				SWIFT_OPTIMIZATION_LEVEL = "-Onone";
			};
			name = Debug;
		};
		5BCEA19221B4A55A0061A548 /* Release */ = {
			isa = XCBuildConfiguration;
			buildSettings = {
				ALWAYS_SEARCH_USER_PATHS = NO;
				CLANG_ANALYZER_NONNULL = YES;
				CLANG_ANALYZER_NUMBER_OBJECT_CONVERSION = YES_AGGRESSIVE;
				CLANG_CXX_LANGUAGE_STANDARD = "gnu++14";
				CLANG_CXX_LIBRARY = "libc++";
				CLANG_ENABLE_MODULES = YES;
				CLANG_ENABLE_OBJC_ARC = YES;
				CLANG_ENABLE_OBJC_WEAK = YES;
				CLANG_WARN_BLOCK_CAPTURE_AUTORELEASING = YES;
				CLANG_WARN_BOOL_CONVERSION = YES;
				CLANG_WARN_COMMA = YES;
				CLANG_WARN_CONSTANT_CONVERSION = YES;
				CLANG_WARN_DEPRECATED_OBJC_IMPLEMENTATIONS = YES;
				CLANG_WARN_DIRECT_OBJC_ISA_USAGE = YES_ERROR;
				CLANG_WARN_DOCUMENTATION_COMMENTS = YES;
				CLANG_WARN_EMPTY_BODY = YES;
				CLANG_WARN_ENUM_CONVERSION = YES;
				CLANG_WARN_INFINITE_RECURSION = YES;
				CLANG_WARN_INT_CONVERSION = YES;
				CLANG_WARN_NON_LITERAL_NULL_CONVERSION = YES;
				CLANG_WARN_OBJC_IMPLICIT_RETAIN_SELF = YES;
				CLANG_WARN_OBJC_LITERAL_CONVERSION = YES;
				CLANG_WARN_OBJC_ROOT_CLASS = YES_ERROR;
				CLANG_WARN_RANGE_LOOP_ANALYSIS = YES;
				CLANG_WARN_STRICT_PROTOTYPES = YES;
				CLANG_WARN_SUSPICIOUS_MOVE = YES;
				CLANG_WARN_UNGUARDED_AVAILABILITY = YES_AGGRESSIVE;
				CLANG_WARN_UNREACHABLE_CODE = YES;
				CLANG_WARN__DUPLICATE_METHOD_MATCH = YES;
				CODE_SIGN_IDENTITY = "-";
				COPY_PHASE_STRIP = NO;
				DEBUG_INFORMATION_FORMAT = "dwarf-with-dsym";
				ENABLE_NS_ASSERTIONS = NO;
				ENABLE_STRICT_OBJC_MSGSEND = YES;
				GCC_C_LANGUAGE_STANDARD = gnu11;
				GCC_NO_COMMON_BLOCKS = YES;
				GCC_WARN_64_TO_32_BIT_CONVERSION = YES;
				GCC_WARN_ABOUT_RETURN_TYPE = YES_ERROR;
				GCC_WARN_UNDECLARED_SELECTOR = YES;
				GCC_WARN_UNINITIALIZED_AUTOS = YES_AGGRESSIVE;
				GCC_WARN_UNUSED_FUNCTION = YES;
				GCC_WARN_UNUSED_VARIABLE = YES;
				MACOSX_DEPLOYMENT_TARGET = 10.13;
				MTL_ENABLE_DEBUG_INFO = NO;
				MTL_FAST_MATH = YES;
				SDKROOT = macosx;
				SWIFT_COMPILATION_MODE = wholemodule;
				SWIFT_OPTIMIZATION_LEVEL = "-O";
			};
			name = Release;
		};
		5BCEA19421B4A55A0061A548 /* Debug */ = {
			isa = XCBuildConfiguration;
			baseConfigurationReference = C99C0279A3D28B6EEA898941 /* Pods-Sonagi.debug.xcconfig */;
			buildSettings = {
				ASSETCATALOG_COMPILER_APPICON_NAME = AppIcon;
				CODE_SIGN_STYLE = Automatic;
				COMBINE_HIDPI_IMAGES = YES;
				INFOPLIST_FILE = Sonagi/Info.plist;
				LD_RUNPATH_SEARCH_PATHS = (
					"$(inherited)",
					"@executable_path/../Frameworks",
				);
				PRODUCT_BUNDLE_IDENTIFIER = com.chargeflux.Sonagi;
				PRODUCT_NAME = "$(TARGET_NAME)";
				SWIFT_VERSION = 4.2;
			};
			name = Debug;
		};
		5BCEA19521B4A55A0061A548 /* Release */ = {
			isa = XCBuildConfiguration;
			baseConfigurationReference = C762BDBDF153FA4DC3A300D0 /* Pods-Sonagi.release.xcconfig */;
			buildSettings = {
				ASSETCATALOG_COMPILER_APPICON_NAME = AppIcon;
				CODE_SIGN_STYLE = Automatic;
				COMBINE_HIDPI_IMAGES = YES;
				INFOPLIST_FILE = Sonagi/Info.plist;
				LD_RUNPATH_SEARCH_PATHS = (
					"$(inherited)",
					"@executable_path/../Frameworks",
				);
				PRODUCT_BUNDLE_IDENTIFIER = com.chargeflux.Sonagi;
				PRODUCT_NAME = "$(TARGET_NAME)";
				SWIFT_VERSION = 4.2;
			};
			name = Release;
		};
		5BCEA19721B4A55A0061A548 /* Debug */ = {
			isa = XCBuildConfiguration;
			baseConfigurationReference = 43ED987337DAC881F4A204F5 /* Pods-SonagiTests.debug.xcconfig */;
			buildSettings = {
				ALWAYS_EMBED_SWIFT_STANDARD_LIBRARIES = YES;
				BUNDLE_LOADER = "$(TEST_HOST)";
				CODE_SIGN_STYLE = Automatic;
				COMBINE_HIDPI_IMAGES = YES;
				INFOPLIST_FILE = SonagiTests/Info.plist;
				LD_RUNPATH_SEARCH_PATHS = (
					"$(inherited)",
					"@executable_path/../Frameworks",
					"@loader_path/../Frameworks",
				);
				PRODUCT_BUNDLE_IDENTIFIER = com.chargeflux.SonagiTests;
				PRODUCT_NAME = "$(TARGET_NAME)";
				SWIFT_VERSION = 4.2;
				TEST_HOST = "$(BUILT_PRODUCTS_DIR)/Sonagi.app/Contents/MacOS/Sonagi";
			};
			name = Debug;
		};
		5BCEA19821B4A55A0061A548 /* Release */ = {
			isa = XCBuildConfiguration;
			baseConfigurationReference = 623ECD541C5B3B6598A047BD /* Pods-SonagiTests.release.xcconfig */;
			buildSettings = {
				ALWAYS_EMBED_SWIFT_STANDARD_LIBRARIES = YES;
				BUNDLE_LOADER = "$(TEST_HOST)";
				CODE_SIGN_STYLE = Automatic;
				COMBINE_HIDPI_IMAGES = YES;
				INFOPLIST_FILE = SonagiTests/Info.plist;
				LD_RUNPATH_SEARCH_PATHS = (
					"$(inherited)",
					"@executable_path/../Frameworks",
					"@loader_path/../Frameworks",
				);
				PRODUCT_BUNDLE_IDENTIFIER = com.chargeflux.SonagiTests;
				PRODUCT_NAME = "$(TARGET_NAME)";
				SWIFT_VERSION = 4.2;
				TEST_HOST = "$(BUILT_PRODUCTS_DIR)/Sonagi.app/Contents/MacOS/Sonagi";
			};
			name = Release;
		};
/* End XCBuildConfiguration section */

/* Begin XCConfigurationList section */
		5BCEA17321B4A5560061A548 /* Build configuration list for PBXProject "Sonagi" */ = {
			isa = XCConfigurationList;
			buildConfigurations = (
				5BCEA19121B4A55A0061A548 /* Debug */,
				5BCEA19221B4A55A0061A548 /* Release */,
			);
			defaultConfigurationIsVisible = 0;
			defaultConfigurationName = Release;
		};
		5BCEA19321B4A55A0061A548 /* Build configuration list for PBXNativeTarget "Sonagi" */ = {
			isa = XCConfigurationList;
			buildConfigurations = (
				5BCEA19421B4A55A0061A548 /* Debug */,
				5BCEA19521B4A55A0061A548 /* Release */,
			);
			defaultConfigurationIsVisible = 0;
			defaultConfigurationName = Release;
		};
		5BCEA19621B4A55A0061A548 /* Build configuration list for PBXNativeTarget "SonagiTests" */ = {
			isa = XCConfigurationList;
			buildConfigurations = (
				5BCEA19721B4A55A0061A548 /* Debug */,
				5BCEA19821B4A55A0061A548 /* Release */,
			);
			defaultConfigurationIsVisible = 0;
			defaultConfigurationName = Release;
		};
/* End XCConfigurationList section */
	};
	rootObject = 5BCEA17021B4A5560061A548 /* Project object */;
}
